// !$*UTF8*$!
{
	archiveVersion = 1;
	classes = {
	};
	objectVersion = 52;
	objects = {

/* Begin PBXBuildFile section */
		82A58218234A511E562F9BE5 /* Pods_Networking.framework in Frameworks */ = {isa = PBXBuildFile; fileRef = 546DDC4CB85DF7697289CD73 /* Pods_Networking.framework */; };
		B70EDBD327BB5D5F00EA53E2 /* AdsApi.swift in Sources */ = {isa = PBXBuildFile; fileRef = B70EDBD227BB5D5F00EA53E2 /* AdsApi.swift */; };
		B70EDBD527BB5DD800EA53E2 /* AdsRequest.swift in Sources */ = {isa = PBXBuildFile; fileRef = B70EDBD427BB5DD800EA53E2 /* AdsRequest.swift */; };
		B70EDBD727BB5F4400EA53E2 /* AdsRepository.swift in Sources */ = {isa = PBXBuildFile; fileRef = B70EDBD627BB5F4400EA53E2 /* AdsRepository.swift */; };
		B70EDBD927BB7BE100EA53E2 /* Ads.swift in Sources */ = {isa = PBXBuildFile; fileRef = B70EDBD827BB7BE000EA53E2 /* Ads.swift */; };
		B7106931271894A600D53527 /* Suggestion.swift in Sources */ = {isa = PBXBuildFile; fileRef = B7106930271894A600D53527 /* Suggestion.swift */; };
		B710693727189D8A00D53527 /* Keyword.swift in Sources */ = {isa = PBXBuildFile; fileRef = B710693627189D8A00D53527 /* Keyword.swift */; };
		B715A3AB289FAE2A00B80E3F /* ReportSubject.swift in Sources */ = {isa = PBXBuildFile; fileRef = B715A3AA289FAE2A00B80E3F /* ReportSubject.swift */; };
		B7167F9027ACEC6300067DBD /* PageSocialRequest.swift in Sources */ = {isa = PBXBuildFile; fileRef = B7167F8F27ACEC6300067DBD /* PageSocialRequest.swift */; };
		B7189ACC26EDCADF00CB9719 /* TokenHelper.swift in Sources */ = {isa = PBXBuildFile; fileRef = B7189ACB26EDCADF00CB9719 /* TokenHelper.swift */; };
		B7189AD026EF24A000CB9719 /* EngagementApi.swift in Sources */ = {isa = PBXBuildFile; fileRef = B7189ACF26EF24A000CB9719 /* EngagementApi.swift */; };
		B7189AD526EF2E1F00CB9719 /* EngagementRepository.swift in Sources */ = {isa = PBXBuildFile; fileRef = B7189AD426EF2E1F00CB9719 /* EngagementRepository.swift */; };
		B7189AD726EF347100CB9719 /* UserRepository.swift in Sources */ = {isa = PBXBuildFile; fileRef = B7189AD626EF347100CB9719 /* UserRepository.swift */; };
		B7189ADE26EF489100CB9719 /* EngagementHelper.swift in Sources */ = {isa = PBXBuildFile; fileRef = B7189ADD26EF489100CB9719 /* EngagementHelper.swift */; };
		B727FDEF2851E91900BA50C7 /* WalletApi.swift in Sources */ = {isa = PBXBuildFile; fileRef = B727FDEE2851E91900BA50C7 /* WalletApi.swift */; };
		B727FDF12851E99800BA50C7 /* WalletRequest.swift in Sources */ = {isa = PBXBuildFile; fileRef = B727FDF02851E99800BA50C7 /* WalletRequest.swift */; };
		B727FDF32851EBDB00BA50C7 /* WalletRepository.swift in Sources */ = {isa = PBXBuildFile; fileRef = B727FDF22851EBDB00BA50C7 /* WalletRepository.swift */; };
		B743387C26DCBEDE004BBC05 /* UserApi.swift in Sources */ = {isa = PBXBuildFile; fileRef = B743387B26DCBEDE004BBC05 /* UserApi.swift */; };
		B743388C26DCE960004BBC05 /* Completion.swift in Sources */ = {isa = PBXBuildFile; fileRef = B743388B26DCE95F004BBC05 /* Completion.swift */; };
		B743388E26DE21F8004BBC05 /* UserRequest.swift in Sources */ = {isa = PBXBuildFile; fileRef = B743388D26DE21F8004BBC05 /* UserRequest.swift */; };
		B744AC362878042B00378924 /* Shortcut.swift in Sources */ = {isa = PBXBuildFile; fileRef = B744AC352878042B00378924 /* Shortcut.swift */; };
		B747123F287BE80000C3C7EE /* WalletsRecent.swift in Sources */ = {isa = PBXBuildFile; fileRef = B747123E287BE80000C3C7EE /* WalletsRecent.swift */; };
		B74CEF1226C50727006B1F2C /* Core.framework in Frameworks */ = {isa = PBXBuildFile; fileRef = B74CEF1126C50727006B1F2C /* Core.framework */; };
		B754A12127463DED00147210 /* CommentRequest.swift in Sources */ = {isa = PBXBuildFile; fileRef = B754A12027463DED00147210 /* CommentRequest.swift */; };
		B75AFE4F289193910036AC36 /* WalletHistory.swift in Sources */ = {isa = PBXBuildFile; fileRef = B75AFE4E289193910036AC36 /* WalletHistory.swift */; };
		B75E416D288E98240037B388 /* Wallet.swift in Sources */ = {isa = PBXBuildFile; fileRef = B75E416C288E98240037B388 /* Wallet.swift */; };
		B7642C5A26E1073800CDCE95 /* Comment.swift in Sources */ = {isa = PBXBuildFile; fileRef = B7642C5926E1073800CDCE95 /* Comment.swift */; };
		B7642C5E26E10F8000CDCE95 /* CommentApi.swift in Sources */ = {isa = PBXBuildFile; fileRef = B7642C5D26E10F8000CDCE95 /* CommentApi.swift */; };
		B7642C6026E1105A00CDCE95 /* CommentRepository.swift in Sources */ = {isa = PBXBuildFile; fileRef = B7642C5F26E1105A00CDCE95 /* CommentRepository.swift */; };
		B7684A2626C5049100C438C5 /* Networking.h in Headers */ = {isa = PBXBuildFile; fileRef = B7684A2426C5049100C438C5 /* Networking.h */; settings = {ATTRIBUTES = (Public, ); }; };
		B7684A5726C5061C00C438C5 /* AuthenticationRepository.swift in Sources */ = {isa = PBXBuildFile; fileRef = B7684A3526C5061B00C438C5 /* AuthenticationRepository.swift */; };
		B7684A5A26C5061C00C438C5 /* FeedRepository.swift in Sources */ = {isa = PBXBuildFile; fileRef = B7684A3826C5061B00C438C5 /* FeedRepository.swift */; };
		B7684A5B26C5061C00C438C5 /* Feature.swift in Sources */ = {isa = PBXBuildFile; fileRef = B7684A3B26C5061B00C438C5 /* Feature.swift */; };
		B7684A5C26C5061C00C438C5 /* Link.swift in Sources */ = {isa = PBXBuildFile; fileRef = B7684A3C26C5061B00C438C5 /* Link.swift */; };
		B7684A5D26C5061C00C438C5 /* Hashtag.swift in Sources */ = {isa = PBXBuildFile; fileRef = B7684A3D26C5061B00C438C5 /* Hashtag.swift */; };
		B7684A5E26C5061C00C438C5 /* Author.swift in Sources */ = {isa = PBXBuildFile; fileRef = B7684A3E26C5061B00C438C5 /* Author.swift */; };
		B7684A6326C5061C00C438C5 /* Content.swift in Sources */ = {isa = PBXBuildFile; fileRef = B7684A4326C5061B00C438C5 /* Content.swift */; };
		B7684A6526C5061C00C438C5 /* Aggregator.swift in Sources */ = {isa = PBXBuildFile; fileRef = B7684A4526C5061B00C438C5 /* Aggregator.swift */; };
		B7684A6626C5061C00C438C5 /* FeedShelf.swift in Sources */ = {isa = PBXBuildFile; fileRef = B7684A4726C5061B00C438C5 /* FeedShelf.swift */; };
		B7684A6726C5061C00C438C5 /* HashtagShelf.swift in Sources */ = {isa = PBXBuildFile; fileRef = B7684A4826C5061B00C438C5 /* HashtagShelf.swift */; };
		B7684A6826C5061C00C438C5 /* Circle.swift in Sources */ = {isa = PBXBuildFile; fileRef = B7684A4926C5061B00C438C5 /* Circle.swift */; };
		B7684A6926C5061C00C438C5 /* Feed.swift in Sources */ = {isa = PBXBuildFile; fileRef = B7684A4A26C5061B00C438C5 /* Feed.swift */; };
		B7684A6A26C5061C00C438C5 /* ContentPayload.swift in Sources */ = {isa = PBXBuildFile; fileRef = B7684A4B26C5061B00C438C5 /* ContentPayload.swift */; };
		B7684A6B26C5061C00C438C5 /* AuthenticationApi.swift in Sources */ = {isa = PBXBuildFile; fileRef = B7684A4D26C5061C00C438C5 /* AuthenticationApi.swift */; };
		B7684A6D26C5061C00C438C5 /* FeedApi.swift in Sources */ = {isa = PBXBuildFile; fileRef = B7684A4F26C5061C00C438C5 /* FeedApi.swift */; };
		B7684A7126C5061C00C438C5 /* LoginRequest.swift in Sources */ = {isa = PBXBuildFile; fileRef = B7684A5526C5061C00C438C5 /* LoginRequest.swift */; };
		B7684A7226C5061C00C438C5 /* AuthenRequest.swift in Sources */ = {isa = PBXBuildFile; fileRef = B7684A5626C5061C00C438C5 /* AuthenRequest.swift */; };
		B76E8BC8285AE15D0036790C /* CombineMoya in Frameworks */ = {isa = PBXBuildFile; productRef = B76E8BC7285AE15D0036790C /* CombineMoya */; };
		B76E8BCA285AE15D0036790C /* Moya in Frameworks */ = {isa = PBXBuildFile; productRef = B76E8BC9285AE15D0036790C /* Moya */; };
		B76E8BCC285AE15D0036790C /* ReactiveMoya in Frameworks */ = {isa = PBXBuildFile; productRef = B76E8BCB285AE15D0036790C /* ReactiveMoya */; };
		B76E8BCE285AE15D0036790C /* RxMoya in Frameworks */ = {isa = PBXBuildFile; productRef = B76E8BCD285AE15D0036790C /* RxMoya */; };
		B773647E2759C60600E8E74D /* ReferencedCast.swift in Sources */ = {isa = PBXBuildFile; fileRef = B773647D2759C60600E8E74D /* ReferencedCast.swift */; };
		B77364802759C81500E8E74D /* Metric.swift in Sources */ = {isa = PBXBuildFile; fileRef = B773647F2759C81500E8E74D /* Metric.swift */; };
		B77364822759C92F00E8E74D /* Participate.swift in Sources */ = {isa = PBXBuildFile; fileRef = B77364812759C92F00E8E74D /* Participate.swift */; };
		B77364842759CD8D00E8E74D /* Meta.swift in Sources */ = {isa = PBXBuildFile; fileRef = B77364832759CD8D00E8E74D /* Meta.swift */; };
		B779CCF227EC4EF300B432F8 /* RemoteConfig.swift in Sources */ = {isa = PBXBuildFile; fileRef = B779CCF127EC4EF300B432F8 /* RemoteConfig.swift */; };
		B779D94A27B4CC98008C8670 /* DataApi.swift in Sources */ = {isa = PBXBuildFile; fileRef = B779D94927B4CC98008C8670 /* DataApi.swift */; };
		B779D94C27B4CDC4008C8670 /* DataRepository.swift in Sources */ = {isa = PBXBuildFile; fileRef = B779D94B27B4CDC4008C8670 /* DataRepository.swift */; };
		B786633A27478B7000B13EEF /* ContentHelper.swift in Sources */ = {isa = PBXBuildFile; fileRef = B786633927478B7000B13EEF /* ContentHelper.swift */; };
		B786903527CCAA290029EDFE /* UserFollowRequest.swift in Sources */ = {isa = PBXBuildFile; fileRef = B786903427CCAA290029EDFE /* UserFollowRequest.swift */; };
		B793EF6727A2E73500AA1E92 /* ReportRequest.swift in Sources */ = {isa = PBXBuildFile; fileRef = B793EF6627A2E73500AA1E92 /* ReportRequest.swift */; };
		B797241527FAE33C00111F24 /* FacebookPage.swift in Sources */ = {isa = PBXBuildFile; fileRef = B797241427FAE33C00111F24 /* FacebookPage.swift */; };
		B79A8ECB2822281800918716 /* Notify.swift in Sources */ = {isa = PBXBuildFile; fileRef = B79A8ECA2822281800918716 /* Notify.swift */; };
		B79DF1AA270AB34300A40502 /* Verified.swift in Sources */ = {isa = PBXBuildFile; fileRef = B79DF1A9270AB34300A40502 /* Verified.swift */; };
		B79DF1B0270EF30C00A40502 /* FeedRequest.swift in Sources */ = {isa = PBXBuildFile; fileRef = B79DF1AF270EF30C00A40502 /* FeedRequest.swift */; };
		B7A71D0326FC5B860092F318 /* NotificationApi.swift in Sources */ = {isa = PBXBuildFile; fileRef = B7A71D0226FC5B860092F318 /* NotificationApi.swift */; };
		B7A71D0526FC5C160092F318 /* NotificationRequest.swift in Sources */ = {isa = PBXBuildFile; fileRef = B7A71D0426FC5C160092F318 /* NotificationRequest.swift */; };
		B7A71D0726FC64700092F318 /* NotificationRepository.swift in Sources */ = {isa = PBXBuildFile; fileRef = B7A71D0626FC64700092F318 /* NotificationRepository.swift */; };
		B7A71D73270304060092F318 /* ContentApi.swift in Sources */ = {isa = PBXBuildFile; fileRef = B7A71D72270304060092F318 /* ContentApi.swift */; };
		B7A71D752703059E0092F318 /* ContentRequest.swift in Sources */ = {isa = PBXBuildFile; fileRef = B7A71D742703059E0092F318 /* ContentRequest.swift */; };
		B7A71D77270308910092F318 /* ContentRepository.swift in Sources */ = {isa = PBXBuildFile; fileRef = B7A71D76270308910092F318 /* ContentRepository.swift */; };
		B7A71D7B27041F1F0092F318 /* ContentShelf.swift in Sources */ = {isa = PBXBuildFile; fileRef = B7A71D7A27041F1F0092F318 /* ContentShelf.swift */; };
		B7AC1E3627158B27002FC176 /* SearchApi.swift in Sources */ = {isa = PBXBuildFile; fileRef = B7AC1E3527158B27002FC176 /* SearchApi.swift */; };
		B7AC1E3827158BAE002FC176 /* SearchRequest.swift in Sources */ = {isa = PBXBuildFile; fileRef = B7AC1E3727158BAE002FC176 /* SearchRequest.swift */; };
		B7AC1E3A27158D1A002FC176 /* SearchRepository.swift in Sources */ = {isa = PBXBuildFile; fileRef = B7AC1E3927158D1A002FC176 /* SearchRepository.swift */; };
		B7AC1E3F27159243002FC176 /* TopTrend.swift in Sources */ = {isa = PBXBuildFile; fileRef = B7AC1E3E27159243002FC176 /* TopTrend.swift */; };
		B7AF660326F0611C00BDE9C4 /* UserInfo.swift in Sources */ = {isa = PBXBuildFile; fileRef = B7AF660226F0611C00BDE9C4 /* UserInfo.swift */; };
		B7AF660526F06EE400BDE9C4 /* UserHelper.swift in Sources */ = {isa = PBXBuildFile; fileRef = B7AF660426F06EE400BDE9C4 /* UserHelper.swift */; };
		B7AF661826F2FA1200BDE9C4 /* PageApi.swift in Sources */ = {isa = PBXBuildFile; fileRef = B7AF661726F2FA1200BDE9C4 /* PageApi.swift */; };
		B7AF661A26F2FAD500BDE9C4 /* PageRequest.swift in Sources */ = {isa = PBXBuildFile; fileRef = B7AF661926F2FAD500BDE9C4 /* PageRequest.swift */; };
		B7AF661C26F2FD4700BDE9C4 /* PageRepository.swift in Sources */ = {isa = PBXBuildFile; fileRef = B7AF661B26F2FD4700BDE9C4 /* PageRepository.swift */; };
		B7B2CDC228B3599800C2D855 /* FarmingApi.swift in Sources */ = {isa = PBXBuildFile; fileRef = B7B2CDC128B3599800C2D855 /* FarmingApi.swift */; };
		B7B2CDC428B35B9C00C2D855 /* FarmingRepository.swift in Sources */ = {isa = PBXBuildFile; fileRef = B7B2CDC328B35B9C00C2D855 /* FarmingRepository.swift */; };
		B7B2CDC628B360A200C2D855 /* Farming.swift in Sources */ = {isa = PBXBuildFile; fileRef = B7B2CDC528B360A200C2D855 /* Farming.swift */; };
		B7C0F37C2823C79E00D598DA /* NotifyHelper.swift in Sources */ = {isa = PBXBuildFile; fileRef = B7C0F37B2823C79E00D598DA /* NotifyHelper.swift */; };
		B7C2530E26D5409A00ACBB84 /* Language.swift in Sources */ = {isa = PBXBuildFile; fileRef = B7C2530D26D5409A00ACBB84 /* Language.swift */; };
		B7CBC41828B4B5FA003EBB60 /* FarmingRequest.swift in Sources */ = {isa = PBXBuildFile; fileRef = B7CBC41728B4B5FA003EBB60 /* FarmingRequest.swift */; };
		B7E64EC6275F578700FFD78E /* ReportApi.swift in Sources */ = {isa = PBXBuildFile; fileRef = B7E64EC5275F578700FFD78E /* ReportApi.swift */; };
		B7E64EC8275F5A3B00FFD78E /* ReportRepository.swift in Sources */ = {isa = PBXBuildFile; fileRef = B7E64EC7275F5A3B00FFD78E /* ReportRepository.swift */; };
		B7E924C028058E6600F9D75D /* CommentHelper.swift in Sources */ = {isa = PBXBuildFile; fileRef = B7E924BF28058E6600F9D75D /* CommentHelper.swift */; };
/* End PBXBuildFile section */

/* Begin PBXFileReference section */
		1CE19EEF8353F04516B983A5 /* Pods-Networking.debug (development).xcconfig */ = {isa = PBXFileReference; includeInIndex = 1; lastKnownFileType = text.xcconfig; name = "Pods-Networking.debug (development).xcconfig"; path = "Target Support Files/Pods-Networking/Pods-Networking.debug (development).xcconfig"; sourceTree = "<group>"; };
		3D2669333BEC0CA84A3FEB7A /* Pods-Networking.release (development).xcconfig */ = {isa = PBXFileReference; includeInIndex = 1; lastKnownFileType = text.xcconfig; name = "Pods-Networking.release (development).xcconfig"; path = "Target Support Files/Pods-Networking/Pods-Networking.release (development).xcconfig"; sourceTree = "<group>"; };
		546DDC4CB85DF7697289CD73 /* Pods_Networking.framework */ = {isa = PBXFileReference; explicitFileType = wrapper.framework; includeInIndex = 0; path = Pods_Networking.framework; sourceTree = BUILT_PRODUCTS_DIR; };
		6A8AF36EE04DDFA1E68EBD41 /* Pods-Networking.release (production).xcconfig */ = {isa = PBXFileReference; includeInIndex = 1; lastKnownFileType = text.xcconfig; name = "Pods-Networking.release (production).xcconfig"; path = "Target Support Files/Pods-Networking/Pods-Networking.release (production).xcconfig"; sourceTree = "<group>"; };
		7AC3E1963BB6A2923E7B8B3F /* Pods-Networking.debug (staging).xcconfig */ = {isa = PBXFileReference; includeInIndex = 1; lastKnownFileType = text.xcconfig; name = "Pods-Networking.debug (staging).xcconfig"; path = "Target Support Files/Pods-Networking/Pods-Networking.debug (staging).xcconfig"; sourceTree = "<group>"; };
		93D2970BD0A05FE98DDE0394 /* Pods-Networking.debug (production).xcconfig */ = {isa = PBXFileReference; includeInIndex = 1; lastKnownFileType = text.xcconfig; name = "Pods-Networking.debug (production).xcconfig"; path = "Target Support Files/Pods-Networking/Pods-Networking.debug (production).xcconfig"; sourceTree = "<group>"; };
		9BE55BC65C42B22EA6BD4612 /* Pods-Networking.release (staging).xcconfig */ = {isa = PBXFileReference; includeInIndex = 1; lastKnownFileType = text.xcconfig; name = "Pods-Networking.release (staging).xcconfig"; path = "Target Support Files/Pods-Networking/Pods-Networking.release (staging).xcconfig"; sourceTree = "<group>"; };
		B70EDBD227BB5D5F00EA53E2 /* AdsApi.swift */ = {isa = PBXFileReference; lastKnownFileType = sourcecode.swift; path = AdsApi.swift; sourceTree = "<group>"; };
		B70EDBD427BB5DD800EA53E2 /* AdsRequest.swift */ = {isa = PBXFileReference; lastKnownFileType = sourcecode.swift; path = AdsRequest.swift; sourceTree = "<group>"; };
		B70EDBD627BB5F4400EA53E2 /* AdsRepository.swift */ = {isa = PBXFileReference; lastKnownFileType = sourcecode.swift; path = AdsRepository.swift; sourceTree = "<group>"; };
		B70EDBD827BB7BE000EA53E2 /* Ads.swift */ = {isa = PBXFileReference; lastKnownFileType = sourcecode.swift; path = Ads.swift; sourceTree = "<group>"; };
		B7106930271894A600D53527 /* Suggestion.swift */ = {isa = PBXFileReference; lastKnownFileType = sourcecode.swift; path = Suggestion.swift; sourceTree = "<group>"; };
		B710693627189D8A00D53527 /* Keyword.swift */ = {isa = PBXFileReference; lastKnownFileType = sourcecode.swift; path = Keyword.swift; sourceTree = "<group>"; };
		B715A3AA289FAE2A00B80E3F /* ReportSubject.swift */ = {isa = PBXFileReference; lastKnownFileType = sourcecode.swift; path = ReportSubject.swift; sourceTree = "<group>"; };
		B7167F8F27ACEC6300067DBD /* PageSocialRequest.swift */ = {isa = PBXFileReference; lastKnownFileType = sourcecode.swift; path = PageSocialRequest.swift; sourceTree = "<group>"; };
		B7189ACB26EDCADF00CB9719 /* TokenHelper.swift */ = {isa = PBXFileReference; lastKnownFileType = sourcecode.swift; path = TokenHelper.swift; sourceTree = "<group>"; };
		B7189ACF26EF24A000CB9719 /* EngagementApi.swift */ = {isa = PBXFileReference; lastKnownFileType = sourcecode.swift; path = EngagementApi.swift; sourceTree = "<group>"; };
		B7189AD426EF2E1F00CB9719 /* EngagementRepository.swift */ = {isa = PBXFileReference; lastKnownFileType = sourcecode.swift; path = EngagementRepository.swift; sourceTree = "<group>"; };
		B7189AD626EF347100CB9719 /* UserRepository.swift */ = {isa = PBXFileReference; lastKnownFileType = sourcecode.swift; path = UserRepository.swift; sourceTree = "<group>"; };
		B7189ADD26EF489100CB9719 /* EngagementHelper.swift */ = {isa = PBXFileReference; lastKnownFileType = sourcecode.swift; path = EngagementHelper.swift; sourceTree = "<group>"; };
		B727FDEE2851E91900BA50C7 /* WalletApi.swift */ = {isa = PBXFileReference; lastKnownFileType = sourcecode.swift; path = WalletApi.swift; sourceTree = "<group>"; };
		B727FDF02851E99800BA50C7 /* WalletRequest.swift */ = {isa = PBXFileReference; lastKnownFileType = sourcecode.swift; path = WalletRequest.swift; sourceTree = "<group>"; };
		B727FDF22851EBDB00BA50C7 /* WalletRepository.swift */ = {isa = PBXFileReference; lastKnownFileType = sourcecode.swift; path = WalletRepository.swift; sourceTree = "<group>"; };
		B743387B26DCBEDE004BBC05 /* UserApi.swift */ = {isa = PBXFileReference; lastKnownFileType = sourcecode.swift; path = UserApi.swift; sourceTree = "<group>"; };
		B743388B26DCE95F004BBC05 /* Completion.swift */ = {isa = PBXFileReference; lastKnownFileType = sourcecode.swift; path = Completion.swift; sourceTree = "<group>"; };
		B743388D26DE21F8004BBC05 /* UserRequest.swift */ = {isa = PBXFileReference; lastKnownFileType = sourcecode.swift; path = UserRequest.swift; sourceTree = "<group>"; };
		B744AC352878042B00378924 /* Shortcut.swift */ = {isa = PBXFileReference; lastKnownFileType = sourcecode.swift; path = Shortcut.swift; sourceTree = "<group>"; };
		B747123E287BE80000C3C7EE /* WalletsRecent.swift */ = {isa = PBXFileReference; lastKnownFileType = sourcecode.swift; path = WalletsRecent.swift; sourceTree = "<group>"; };
		B74CEF1126C50727006B1F2C /* Core.framework */ = {isa = PBXFileReference; explicitFileType = wrapper.framework; path = Core.framework; sourceTree = BUILT_PRODUCTS_DIR; };
		B754A12027463DED00147210 /* CommentRequest.swift */ = {isa = PBXFileReference; lastKnownFileType = sourcecode.swift; path = CommentRequest.swift; sourceTree = "<group>"; };
		B75AFE4E289193910036AC36 /* WalletHistory.swift */ = {isa = PBXFileReference; lastKnownFileType = sourcecode.swift; path = WalletHistory.swift; sourceTree = "<group>"; };
		B75E416C288E98240037B388 /* Wallet.swift */ = {isa = PBXFileReference; lastKnownFileType = sourcecode.swift; path = Wallet.swift; sourceTree = "<group>"; };
		B7642C5926E1073800CDCE95 /* Comment.swift */ = {isa = PBXFileReference; lastKnownFileType = sourcecode.swift; path = Comment.swift; sourceTree = "<group>"; };
		B7642C5D26E10F8000CDCE95 /* CommentApi.swift */ = {isa = PBXFileReference; lastKnownFileType = sourcecode.swift; path = CommentApi.swift; sourceTree = "<group>"; };
		B7642C5F26E1105A00CDCE95 /* CommentRepository.swift */ = {isa = PBXFileReference; lastKnownFileType = sourcecode.swift; path = CommentRepository.swift; sourceTree = "<group>"; };
		B7684A2126C5049100C438C5 /* Networking.framework */ = {isa = PBXFileReference; explicitFileType = wrapper.framework; includeInIndex = 0; path = Networking.framework; sourceTree = BUILT_PRODUCTS_DIR; };
		B7684A2426C5049100C438C5 /* Networking.h */ = {isa = PBXFileReference; lastKnownFileType = sourcecode.c.h; path = Networking.h; sourceTree = "<group>"; };
		B7684A2526C5049100C438C5 /* Info.plist */ = {isa = PBXFileReference; lastKnownFileType = text.plist.xml; path = Info.plist; sourceTree = "<group>"; };
		B7684A3526C5061B00C438C5 /* AuthenticationRepository.swift */ = {isa = PBXFileReference; fileEncoding = 4; lastKnownFileType = sourcecode.swift; path = AuthenticationRepository.swift; sourceTree = "<group>"; };
		B7684A3826C5061B00C438C5 /* FeedRepository.swift */ = {isa = PBXFileReference; fileEncoding = 4; lastKnownFileType = sourcecode.swift; path = FeedRepository.swift; sourceTree = "<group>"; };
		B7684A3B26C5061B00C438C5 /* Feature.swift */ = {isa = PBXFileReference; fileEncoding = 4; lastKnownFileType = sourcecode.swift; path = Feature.swift; sourceTree = "<group>"; };
		B7684A3C26C5061B00C438C5 /* Link.swift */ = {isa = PBXFileReference; fileEncoding = 4; lastKnownFileType = sourcecode.swift; path = Link.swift; sourceTree = "<group>"; };
		B7684A3D26C5061B00C438C5 /* Hashtag.swift */ = {isa = PBXFileReference; fileEncoding = 4; lastKnownFileType = sourcecode.swift; path = Hashtag.swift; sourceTree = "<group>"; };
		B7684A3E26C5061B00C438C5 /* Author.swift */ = {isa = PBXFileReference; fileEncoding = 4; lastKnownFileType = sourcecode.swift; path = Author.swift; sourceTree = "<group>"; };
		B7684A4326C5061B00C438C5 /* Content.swift */ = {isa = PBXFileReference; fileEncoding = 4; lastKnownFileType = sourcecode.swift; path = Content.swift; sourceTree = "<group>"; };
		B7684A4526C5061B00C438C5 /* Aggregator.swift */ = {isa = PBXFileReference; fileEncoding = 4; lastKnownFileType = sourcecode.swift; path = Aggregator.swift; sourceTree = "<group>"; };
		B7684A4726C5061B00C438C5 /* FeedShelf.swift */ = {isa = PBXFileReference; fileEncoding = 4; lastKnownFileType = sourcecode.swift; path = FeedShelf.swift; sourceTree = "<group>"; };
		B7684A4826C5061B00C438C5 /* HashtagShelf.swift */ = {isa = PBXFileReference; fileEncoding = 4; lastKnownFileType = sourcecode.swift; path = HashtagShelf.swift; sourceTree = "<group>"; };
		B7684A4926C5061B00C438C5 /* Circle.swift */ = {isa = PBXFileReference; fileEncoding = 4; lastKnownFileType = sourcecode.swift; path = Circle.swift; sourceTree = "<group>"; };
		B7684A4A26C5061B00C438C5 /* Feed.swift */ = {isa = PBXFileReference; fileEncoding = 4; lastKnownFileType = sourcecode.swift; path = Feed.swift; sourceTree = "<group>"; };
		B7684A4B26C5061B00C438C5 /* ContentPayload.swift */ = {isa = PBXFileReference; fileEncoding = 4; lastKnownFileType = sourcecode.swift; path = ContentPayload.swift; sourceTree = "<group>"; };
		B7684A4D26C5061C00C438C5 /* AuthenticationApi.swift */ = {isa = PBXFileReference; fileEncoding = 4; lastKnownFileType = sourcecode.swift; path = AuthenticationApi.swift; sourceTree = "<group>"; };
		B7684A4F26C5061C00C438C5 /* FeedApi.swift */ = {isa = PBXFileReference; fileEncoding = 4; lastKnownFileType = sourcecode.swift; path = FeedApi.swift; sourceTree = "<group>"; };
		B7684A5526C5061C00C438C5 /* LoginRequest.swift */ = {isa = PBXFileReference; fileEncoding = 4; lastKnownFileType = sourcecode.swift; path = LoginRequest.swift; sourceTree = "<group>"; };
		B7684A5626C5061C00C438C5 /* AuthenRequest.swift */ = {isa = PBXFileReference; fileEncoding = 4; lastKnownFileType = sourcecode.swift; path = AuthenRequest.swift; sourceTree = "<group>"; };
		B773647D2759C60600E8E74D /* ReferencedCast.swift */ = {isa = PBXFileReference; lastKnownFileType = sourcecode.swift; path = ReferencedCast.swift; sourceTree = "<group>"; };
		B773647F2759C81500E8E74D /* Metric.swift */ = {isa = PBXFileReference; lastKnownFileType = sourcecode.swift; path = Metric.swift; sourceTree = "<group>"; };
		B77364812759C92F00E8E74D /* Participate.swift */ = {isa = PBXFileReference; lastKnownFileType = sourcecode.swift; path = Participate.swift; sourceTree = "<group>"; };
		B77364832759CD8D00E8E74D /* Meta.swift */ = {isa = PBXFileReference; lastKnownFileType = sourcecode.swift; path = Meta.swift; sourceTree = "<group>"; };
		B779CCF127EC4EF300B432F8 /* RemoteConfig.swift */ = {isa = PBXFileReference; lastKnownFileType = sourcecode.swift; path = RemoteConfig.swift; sourceTree = "<group>"; };
		B779D94927B4CC98008C8670 /* DataApi.swift */ = {isa = PBXFileReference; lastKnownFileType = sourcecode.swift; path = DataApi.swift; sourceTree = "<group>"; };
		B779D94B27B4CDC4008C8670 /* DataRepository.swift */ = {isa = PBXFileReference; lastKnownFileType = sourcecode.swift; path = DataRepository.swift; sourceTree = "<group>"; };
		B786633927478B7000B13EEF /* ContentHelper.swift */ = {isa = PBXFileReference; lastKnownFileType = sourcecode.swift; path = ContentHelper.swift; sourceTree = "<group>"; };
		B786903427CCAA290029EDFE /* UserFollowRequest.swift */ = {isa = PBXFileReference; lastKnownFileType = sourcecode.swift; path = UserFollowRequest.swift; sourceTree = "<group>"; };
		B793EF6627A2E73500AA1E92 /* ReportRequest.swift */ = {isa = PBXFileReference; lastKnownFileType = sourcecode.swift; path = ReportRequest.swift; sourceTree = "<group>"; };
		B797241427FAE33C00111F24 /* FacebookPage.swift */ = {isa = PBXFileReference; lastKnownFileType = sourcecode.swift; path = FacebookPage.swift; sourceTree = "<group>"; };
		B79A8ECA2822281800918716 /* Notify.swift */ = {isa = PBXFileReference; lastKnownFileType = sourcecode.swift; path = Notify.swift; sourceTree = "<group>"; };
		B79DF1A9270AB34300A40502 /* Verified.swift */ = {isa = PBXFileReference; lastKnownFileType = sourcecode.swift; path = Verified.swift; sourceTree = "<group>"; };
		B79DF1AF270EF30C00A40502 /* FeedRequest.swift */ = {isa = PBXFileReference; lastKnownFileType = sourcecode.swift; path = FeedRequest.swift; sourceTree = "<group>"; };
		B7A71D0226FC5B860092F318 /* NotificationApi.swift */ = {isa = PBXFileReference; lastKnownFileType = sourcecode.swift; path = NotificationApi.swift; sourceTree = "<group>"; };
		B7A71D0426FC5C160092F318 /* NotificationRequest.swift */ = {isa = PBXFileReference; lastKnownFileType = sourcecode.swift; path = NotificationRequest.swift; sourceTree = "<group>"; };
		B7A71D0626FC64700092F318 /* NotificationRepository.swift */ = {isa = PBXFileReference; lastKnownFileType = sourcecode.swift; path = NotificationRepository.swift; sourceTree = "<group>"; };
		B7A71D72270304060092F318 /* ContentApi.swift */ = {isa = PBXFileReference; lastKnownFileType = sourcecode.swift; path = ContentApi.swift; sourceTree = "<group>"; };
		B7A71D742703059E0092F318 /* ContentRequest.swift */ = {isa = PBXFileReference; lastKnownFileType = sourcecode.swift; path = ContentRequest.swift; sourceTree = "<group>"; };
		B7A71D76270308910092F318 /* ContentRepository.swift */ = {isa = PBXFileReference; lastKnownFileType = sourcecode.swift; path = ContentRepository.swift; sourceTree = "<group>"; };
		B7A71D7A27041F1F0092F318 /* ContentShelf.swift */ = {isa = PBXFileReference; lastKnownFileType = sourcecode.swift; path = ContentShelf.swift; sourceTree = "<group>"; };
		B7AC1E3527158B27002FC176 /* SearchApi.swift */ = {isa = PBXFileReference; lastKnownFileType = sourcecode.swift; path = SearchApi.swift; sourceTree = "<group>"; };
		B7AC1E3727158BAE002FC176 /* SearchRequest.swift */ = {isa = PBXFileReference; lastKnownFileType = sourcecode.swift; path = SearchRequest.swift; sourceTree = "<group>"; };
		B7AC1E3927158D1A002FC176 /* SearchRepository.swift */ = {isa = PBXFileReference; lastKnownFileType = sourcecode.swift; path = SearchRepository.swift; sourceTree = "<group>"; };
		B7AC1E3E27159243002FC176 /* TopTrend.swift */ = {isa = PBXFileReference; lastKnownFileType = sourcecode.swift; path = TopTrend.swift; sourceTree = "<group>"; };
		B7AF660226F0611C00BDE9C4 /* UserInfo.swift */ = {isa = PBXFileReference; lastKnownFileType = sourcecode.swift; path = UserInfo.swift; sourceTree = "<group>"; };
		B7AF660426F06EE400BDE9C4 /* UserHelper.swift */ = {isa = PBXFileReference; lastKnownFileType = sourcecode.swift; path = UserHelper.swift; sourceTree = "<group>"; };
		B7AF661726F2FA1200BDE9C4 /* PageApi.swift */ = {isa = PBXFileReference; lastKnownFileType = sourcecode.swift; path = PageApi.swift; sourceTree = "<group>"; };
		B7AF661926F2FAD500BDE9C4 /* PageRequest.swift */ = {isa = PBXFileReference; lastKnownFileType = sourcecode.swift; path = PageRequest.swift; sourceTree = "<group>"; };
		B7AF661B26F2FD4700BDE9C4 /* PageRepository.swift */ = {isa = PBXFileReference; lastKnownFileType = sourcecode.swift; path = PageRepository.swift; sourceTree = "<group>"; };
		B7B2CDC128B3599800C2D855 /* FarmingApi.swift */ = {isa = PBXFileReference; lastKnownFileType = sourcecode.swift; path = FarmingApi.swift; sourceTree = "<group>"; };
		B7B2CDC328B35B9C00C2D855 /* FarmingRepository.swift */ = {isa = PBXFileReference; lastKnownFileType = sourcecode.swift; path = FarmingRepository.swift; sourceTree = "<group>"; };
		B7B2CDC528B360A200C2D855 /* Farming.swift */ = {isa = PBXFileReference; lastKnownFileType = sourcecode.swift; path = Farming.swift; sourceTree = "<group>"; };
		B7C0F37B2823C79E00D598DA /* NotifyHelper.swift */ = {isa = PBXFileReference; lastKnownFileType = sourcecode.swift; path = NotifyHelper.swift; sourceTree = "<group>"; };
		B7C2530D26D5409A00ACBB84 /* Language.swift */ = {isa = PBXFileReference; lastKnownFileType = sourcecode.swift; path = Language.swift; sourceTree = "<group>"; };
		B7CBC41728B4B5FA003EBB60 /* FarmingRequest.swift */ = {isa = PBXFileReference; lastKnownFileType = sourcecode.swift; path = FarmingRequest.swift; sourceTree = "<group>"; };
		B7E64EC5275F578700FFD78E /* ReportApi.swift */ = {isa = PBXFileReference; lastKnownFileType = sourcecode.swift; path = ReportApi.swift; sourceTree = "<group>"; };
		B7E64EC7275F5A3B00FFD78E /* ReportRepository.swift */ = {isa = PBXFileReference; lastKnownFileType = sourcecode.swift; path = ReportRepository.swift; sourceTree = "<group>"; };
		B7E924BF28058E6600F9D75D /* CommentHelper.swift */ = {isa = PBXFileReference; lastKnownFileType = sourcecode.swift; path = CommentHelper.swift; sourceTree = "<group>"; };
/* End PBXFileReference section */

/* Begin PBXFrameworksBuildPhase section */
		B7684A1E26C5049100C438C5 /* Frameworks */ = {
			isa = PBXFrameworksBuildPhase;
			buildActionMask = 2147483647;
			files = (
				B76E8BCE285AE15D0036790C /* RxMoya in Frameworks */,
				82A58218234A511E562F9BE5 /* Pods_Networking.framework in Frameworks */,
				B74CEF1226C50727006B1F2C /* Core.framework in Frameworks */,
				B76E8BCA285AE15D0036790C /* Moya in Frameworks */,
				B76E8BCC285AE15D0036790C /* ReactiveMoya in Frameworks */,
				B76E8BC8285AE15D0036790C /* CombineMoya in Frameworks */,
			);
			runOnlyForDeploymentPostprocessing = 0;
		};
/* End PBXFrameworksBuildPhase section */

/* Begin PBXGroup section */
		3E06C29EF938FB9B582B563A /* Frameworks */ = {
			isa = PBXGroup;
			children = (
				B74CEF1126C50727006B1F2C /* Core.framework */,
				546DDC4CB85DF7697289CD73 /* Pods_Networking.framework */,
			);
			name = Frameworks;
			sourceTree = "<group>";
		};
		6C35BC577D76DED9C170336A /* Pods */ = {
			isa = PBXGroup;
			children = (
				93D2970BD0A05FE98DDE0394 /* Pods-Networking.debug (production).xcconfig */,
				7AC3E1963BB6A2923E7B8B3F /* Pods-Networking.debug (staging).xcconfig */,
				1CE19EEF8353F04516B983A5 /* Pods-Networking.debug (development).xcconfig */,
				6A8AF36EE04DDFA1E68EBD41 /* Pods-Networking.release (production).xcconfig */,
				9BE55BC65C42B22EA6BD4612 /* Pods-Networking.release (staging).xcconfig */,
				3D2669333BEC0CA84A3FEB7A /* Pods-Networking.release (development).xcconfig */,
			);
			name = Pods;
			path = ../Pods;
			sourceTree = "<group>";
		};
		B7189ACA26EDCAC700CB9719 /* Helper */ = {
			isa = PBXGroup;
			children = (
				B7189ACB26EDCADF00CB9719 /* TokenHelper.swift */,
				B7189ADD26EF489100CB9719 /* EngagementHelper.swift */,
				B7AF660426F06EE400BDE9C4 /* UserHelper.swift */,
				B786633927478B7000B13EEF /* ContentHelper.swift */,
				B7E924BF28058E6600F9D75D /* CommentHelper.swift */,
				B7C0F37B2823C79E00D598DA /* NotifyHelper.swift */,
			);
			path = Helper;
			sourceTree = "<group>";
		};
		B7642C5826E1063700CDCE95 /* Comment */ = {
			isa = PBXGroup;
			children = (
				B7642C5926E1073800CDCE95 /* Comment.swift */,
			);
			path = Comment;
			sourceTree = "<group>";
		};
		B7684A1726C5049100C438C5 = {
			isa = PBXGroup;
			children = (
				B7684A2326C5049100C438C5 /* Networking */,
				B7684A2226C5049100C438C5 /* Products */,
				6C35BC577D76DED9C170336A /* Pods */,
				3E06C29EF938FB9B582B563A /* Frameworks */,
			);
			sourceTree = "<group>";
		};
		B7684A2226C5049100C438C5 /* Products */ = {
			isa = PBXGroup;
			children = (
				B7684A2126C5049100C438C5 /* Networking.framework */,
			);
			name = Products;
			sourceTree = "<group>";
		};
		B7684A2326C5049100C438C5 /* Networking */ = {
			isa = PBXGroup;
			children = (
				B7684A2426C5049100C438C5 /* Networking.h */,
				B7684A2526C5049100C438C5 /* Info.plist */,
				B7189ACA26EDCAC700CB9719 /* Helper */,
				B7684A3926C5061B00C438C5 /* Model */,
				B7684A4C26C5061C00C438C5 /* Provider */,
				B7684A3426C5061B00C438C5 /* Repository */,
				B7684A5426C5061C00C438C5 /* Request */,
			);
			path = Networking;
			sourceTree = "<group>";
		};
		B7684A3426C5061B00C438C5 /* Repository */ = {
			isa = PBXGroup;
			children = (
				B743388B26DCE95F004BBC05 /* Completion.swift */,
				B7684A3526C5061B00C438C5 /* AuthenticationRepository.swift */,
				B7684A3826C5061B00C438C5 /* FeedRepository.swift */,
				B7642C5F26E1105A00CDCE95 /* CommentRepository.swift */,
				B7189AD626EF347100CB9719 /* UserRepository.swift */,
				B7189AD426EF2E1F00CB9719 /* EngagementRepository.swift */,
				B7AF661B26F2FD4700BDE9C4 /* PageRepository.swift */,
				B7A71D0626FC64700092F318 /* NotificationRepository.swift */,
				B7A71D76270308910092F318 /* ContentRepository.swift */,
				B7AC1E3927158D1A002FC176 /* SearchRepository.swift */,
				B7E64EC7275F5A3B00FFD78E /* ReportRepository.swift */,
				B779D94B27B4CDC4008C8670 /* DataRepository.swift */,
				B70EDBD627BB5F4400EA53E2 /* AdsRepository.swift */,
				B727FDF22851EBDB00BA50C7 /* WalletRepository.swift */,
				B7B2CDC328B35B9C00C2D855 /* FarmingRepository.swift */,
			);
			path = Repository;
			sourceTree = "<group>";
		};
		B7684A3926C5061B00C438C5 /* Model */ = {
			isa = PBXGroup;
			children = (
				B7AC1E3D27159217002FC176 /* Search */,
				B7642C5826E1063700CDCE95 /* Comment */,
				B7C2530C26D5408100ACBB84 /* Setting */,
				B7684A3A26C5061B00C438C5 /* Feed */,
				B7AF660226F0611C00BDE9C4 /* UserInfo.swift */,
				B7684A3D26C5061B00C438C5 /* Hashtag.swift */,
				B710693627189D8A00D53527 /* Keyword.swift */,
				B70EDBD827BB7BE000EA53E2 /* Ads.swift */,
				B779CCF127EC4EF300B432F8 /* RemoteConfig.swift */,
				B797241427FAE33C00111F24 /* FacebookPage.swift */,
				B79A8ECA2822281800918716 /* Notify.swift */,
				B744AC352878042B00378924 /* Shortcut.swift */,
				B747123E287BE80000C3C7EE /* WalletsRecent.swift */,
				B75E416C288E98240037B388 /* Wallet.swift */,
				B75AFE4E289193910036AC36 /* WalletHistory.swift */,
				B715A3AA289FAE2A00B80E3F /* ReportSubject.swift */,
				B7B2CDC528B360A200C2D855 /* Farming.swift */,
			);
			path = Model;
			sourceTree = "<group>";
		};
		B7684A3A26C5061B00C438C5 /* Feed */ = {
			isa = PBXGroup;
			children = (
				B7684A4626C5061B00C438C5 /* Shelf */,
				B7684A3B26C5061B00C438C5 /* Feature.swift */,
				B7684A3C26C5061B00C438C5 /* Link.swift */,
				B7684A3E26C5061B00C438C5 /* Author.swift */,
				B7684A4326C5061B00C438C5 /* Content.swift */,
				B7684A4526C5061B00C438C5 /* Aggregator.swift */,
				B7684A4926C5061B00C438C5 /* Circle.swift */,
				B7684A4A26C5061B00C438C5 /* Feed.swift */,
				B7684A4B26C5061B00C438C5 /* ContentPayload.swift */,
				B79DF1A9270AB34300A40502 /* Verified.swift */,
				B773647D2759C60600E8E74D /* ReferencedCast.swift */,
				B773647F2759C81500E8E74D /* Metric.swift */,
				B77364812759C92F00E8E74D /* Participate.swift */,
				B77364832759CD8D00E8E74D /* Meta.swift */,
			);
			path = Feed;
			sourceTree = "<group>";
		};
		B7684A4626C5061B00C438C5 /* Shelf */ = {
			isa = PBXGroup;
			children = (
				B7684A4726C5061B00C438C5 /* FeedShelf.swift */,
				B7684A4826C5061B00C438C5 /* HashtagShelf.swift */,
				B7A71D7A27041F1F0092F318 /* ContentShelf.swift */,
			);
			path = Shelf;
			sourceTree = "<group>";
		};
		B7684A4C26C5061C00C438C5 /* Provider */ = {
			isa = PBXGroup;
			children = (
				B7684A4D26C5061C00C438C5 /* AuthenticationApi.swift */,
				B7684A4F26C5061C00C438C5 /* FeedApi.swift */,
				B743387B26DCBEDE004BBC05 /* UserApi.swift */,
				B7642C5D26E10F8000CDCE95 /* CommentApi.swift */,
				B7189ACF26EF24A000CB9719 /* EngagementApi.swift */,
				B7AF661726F2FA1200BDE9C4 /* PageApi.swift */,
				B7A71D0226FC5B860092F318 /* NotificationApi.swift */,
				B7A71D72270304060092F318 /* ContentApi.swift */,
				B7AC1E3527158B27002FC176 /* SearchApi.swift */,
				B7E64EC5275F578700FFD78E /* ReportApi.swift */,
				B779D94927B4CC98008C8670 /* DataApi.swift */,
				B70EDBD227BB5D5F00EA53E2 /* AdsApi.swift */,
				B727FDEE2851E91900BA50C7 /* WalletApi.swift */,
				B7B2CDC128B3599800C2D855 /* FarmingApi.swift */,
			);
			path = Provider;
			sourceTree = "<group>";
		};
		B7684A5426C5061C00C438C5 /* Request */ = {
			isa = PBXGroup;
			children = (
				B7684A5526C5061C00C438C5 /* LoginRequest.swift */,
				B7684A5626C5061C00C438C5 /* AuthenRequest.swift */,
				B743388D26DE21F8004BBC05 /* UserRequest.swift */,
				B7AF661926F2FAD500BDE9C4 /* PageRequest.swift */,
				B7167F8F27ACEC6300067DBD /* PageSocialRequest.swift */,
				B7A71D0426FC5C160092F318 /* NotificationRequest.swift */,
				B7A71D742703059E0092F318 /* ContentRequest.swift */,
				B79DF1AF270EF30C00A40502 /* FeedRequest.swift */,
				B7AC1E3727158BAE002FC176 /* SearchRequest.swift */,
				B754A12027463DED00147210 /* CommentRequest.swift */,
				B793EF6627A2E73500AA1E92 /* ReportRequest.swift */,
				B786903427CCAA290029EDFE /* UserFollowRequest.swift */,
				B70EDBD427BB5DD800EA53E2 /* AdsRequest.swift */,
				B727FDF02851E99800BA50C7 /* WalletRequest.swift */,
				B7CBC41728B4B5FA003EBB60 /* FarmingRequest.swift */,
			);
			path = Request;
			sourceTree = "<group>";
		};
		B7AC1E3D27159217002FC176 /* Search */ = {
			isa = PBXGroup;
			children = (
				B7AC1E3E27159243002FC176 /* TopTrend.swift */,
				B7106930271894A600D53527 /* Suggestion.swift */,
			);
			path = Search;
			sourceTree = "<group>";
		};
		B7C2530C26D5408100ACBB84 /* Setting */ = {
			isa = PBXGroup;
			children = (
				B7C2530D26D5409A00ACBB84 /* Language.swift */,
			);
			path = Setting;
			sourceTree = "<group>";
		};
/* End PBXGroup section */

/* Begin PBXHeadersBuildPhase section */
		B7684A1C26C5049100C438C5 /* Headers */ = {
			isa = PBXHeadersBuildPhase;
			buildActionMask = 2147483647;
			files = (
				B7684A2626C5049100C438C5 /* Networking.h in Headers */,
			);
			runOnlyForDeploymentPostprocessing = 0;
		};
/* End PBXHeadersBuildPhase section */

/* Begin PBXNativeTarget section */
		B7684A2026C5049100C438C5 /* Networking */ = {
			isa = PBXNativeTarget;
			buildConfigurationList = B7684A2926C5049100C438C5 /* Build configuration list for PBXNativeTarget "Networking" */;
			buildPhases = (
				072E510422AA672A17CE5896 /* [CP] Check Pods Manifest.lock */,
				B7684A1C26C5049100C438C5 /* Headers */,
				B7684A1D26C5049100C438C5 /* Sources */,
				B7684A1E26C5049100C438C5 /* Frameworks */,
				B7684A1F26C5049100C438C5 /* Resources */,
			);
			buildRules = (
			);
			dependencies = (
			);
			name = Networking;
			packageProductDependencies = (
				B76E8BC7285AE15D0036790C /* CombineMoya */,
				B76E8BC9285AE15D0036790C /* Moya */,
				B76E8BCB285AE15D0036790C /* ReactiveMoya */,
				B76E8BCD285AE15D0036790C /* RxMoya */,
			);
			productName = Networking;
			productReference = B7684A2126C5049100C438C5 /* Networking.framework */;
			productType = "com.apple.product-type.framework";
		};
/* End PBXNativeTarget section */

/* Begin PBXProject section */
		B7684A1826C5049100C438C5 /* Project object */ = {
			isa = PBXProject;
			attributes = {
				LastUpgradeCheck = 1310;
				TargetAttributes = {
					B7684A2026C5049100C438C5 = {
						CreatedOnToolsVersion = 12.5.1;
					};
				};
			};
			buildConfigurationList = B7684A1B26C5049100C438C5 /* Build configuration list for PBXProject "Networking" */;
			compatibilityVersion = "Xcode 9.3";
			developmentRegion = en;
			hasScannedForEncodings = 0;
			knownRegions = (
				en,
				Base,
			);
			mainGroup = B7684A1726C5049100C438C5;
			packageReferences = (
				B76E8BC6285AE15D0036790C /* XCRemoteSwiftPackageReference "Moya" */,
			);
			productRefGroup = B7684A2226C5049100C438C5 /* Products */;
			projectDirPath = "";
			projectRoot = "";
			targets = (
				B7684A2026C5049100C438C5 /* Networking */,
			);
		};
/* End PBXProject section */

/* Begin PBXResourcesBuildPhase section */
		B7684A1F26C5049100C438C5 /* Resources */ = {
			isa = PBXResourcesBuildPhase;
			buildActionMask = 2147483647;
			files = (
			);
			runOnlyForDeploymentPostprocessing = 0;
		};
/* End PBXResourcesBuildPhase section */

/* Begin PBXShellScriptBuildPhase section */
		072E510422AA672A17CE5896 /* [CP] Check Pods Manifest.lock */ = {
			isa = PBXShellScriptBuildPhase;
			buildActionMask = 2147483647;
			files = (
			);
			inputFileListPaths = (
			);
			inputPaths = (
				"${PODS_PODFILE_DIR_PATH}/Podfile.lock",
				"${PODS_ROOT}/Manifest.lock",
			);
			name = "[CP] Check Pods Manifest.lock";
			outputFileListPaths = (
			);
			outputPaths = (
				"$(DERIVED_FILE_DIR)/Pods-Networking-checkManifestLockResult.txt",
			);
			runOnlyForDeploymentPostprocessing = 0;
			shellPath = /bin/sh;
			shellScript = "diff \"${PODS_PODFILE_DIR_PATH}/Podfile.lock\" \"${PODS_ROOT}/Manifest.lock\" > /dev/null\nif [ $? != 0 ] ; then\n    # print error to STDERR\n    echo \"error: The sandbox is not in sync with the Podfile.lock. Run 'pod install' or update your CocoaPods installation.\" >&2\n    exit 1\nfi\n# This output is used by Xcode 'outputs' to avoid re-running this script phase.\necho \"SUCCESS\" > \"${SCRIPT_OUTPUT_FILE_0}\"\n";
			showEnvVarsInLog = 0;
		};
/* End PBXShellScriptBuildPhase section */

/* Begin PBXSourcesBuildPhase section */
		B7684A1D26C5049100C438C5 /* Sources */ = {
			isa = PBXSourcesBuildPhase;
			buildActionMask = 2147483647;
			files = (
				B75E416D288E98240037B388 /* Wallet.swift in Sources */,
				B7684A6626C5061C00C438C5 /* FeedShelf.swift in Sources */,
				B7AF660526F06EE400BDE9C4 /* UserHelper.swift in Sources */,
				B7167F9027ACEC6300067DBD /* PageSocialRequest.swift in Sources */,
				B7684A5726C5061C00C438C5 /* AuthenticationRepository.swift in Sources */,
				B7A71D7B27041F1F0092F318 /* ContentShelf.swift in Sources */,
				B743387C26DCBEDE004BBC05 /* UserApi.swift in Sources */,
				B77364802759C81500E8E74D /* Metric.swift in Sources */,
				B7CBC41828B4B5FA003EBB60 /* FarmingRequest.swift in Sources */,
				B7E64EC8275F5A3B00FFD78E /* ReportRepository.swift in Sources */,
				B7189AD526EF2E1F00CB9719 /* EngagementRepository.swift in Sources */,
				B715A3AB289FAE2A00B80E3F /* ReportSubject.swift in Sources */,
				B7189ADE26EF489100CB9719 /* EngagementHelper.swift in Sources */,
				B786633A27478B7000B13EEF /* ContentHelper.swift in Sources */,
				B754A12127463DED00147210 /* CommentRequest.swift in Sources */,
				B7B2CDC228B3599800C2D855 /* FarmingApi.swift in Sources */,
				B79DF1AA270AB34300A40502 /* Verified.swift in Sources */,
				B7684A5E26C5061C00C438C5 /* Author.swift in Sources */,
				B7684A7226C5061C00C438C5 /* AuthenRequest.swift in Sources */,
				B7A71D77270308910092F318 /* ContentRepository.swift in Sources */,
				B7AC1E3627158B27002FC176 /* SearchApi.swift in Sources */,
				B7AC1E3827158BAE002FC176 /* SearchRequest.swift in Sources */,
				B7684A5B26C5061C00C438C5 /* Feature.swift in Sources */,
				B727FDF12851E99800BA50C7 /* WalletRequest.swift in Sources */,
				B79A8ECB2822281800918716 /* Notify.swift in Sources */,
				B779D94C27B4CDC4008C8670 /* DataRepository.swift in Sources */,
				B7A71D752703059E0092F318 /* ContentRequest.swift in Sources */,
				B7642C6026E1105A00CDCE95 /* CommentRepository.swift in Sources */,
				B7A71D0326FC5B860092F318 /* NotificationApi.swift in Sources */,
				B7B2CDC628B360A200C2D855 /* Farming.swift in Sources */,
				B7189ACC26EDCADF00CB9719 /* TokenHelper.swift in Sources */,
				B7A71D0526FC5C160092F318 /* NotificationRequest.swift in Sources */,
				B7684A6326C5061C00C438C5 /* Content.swift in Sources */,
				B7684A6526C5061C00C438C5 /* Aggregator.swift in Sources */,
				B7C0F37C2823C79E00D598DA /* NotifyHelper.swift in Sources */,
				B743388C26DCE960004BBC05 /* Completion.swift in Sources */,
				B747123F287BE80000C3C7EE /* WalletsRecent.swift in Sources */,
				B7684A6826C5061C00C438C5 /* Circle.swift in Sources */,
				B70EDBD327BB5D5F00EA53E2 /* AdsApi.swift in Sources */,
				B7B2CDC428B35B9C00C2D855 /* FarmingRepository.swift in Sources */,
				B7C2530E26D5409A00ACBB84 /* Language.swift in Sources */,
				B7684A5C26C5061C00C438C5 /* Link.swift in Sources */,
				B7E924C028058E6600F9D75D /* CommentHelper.swift in Sources */,
				B77364822759C92F00E8E74D /* Participate.swift in Sources */,
				B797241527FAE33C00111F24 /* FacebookPage.swift in Sources */,
				B7189AD026EF24A000CB9719 /* EngagementApi.swift in Sources */,
				B79DF1B0270EF30C00A40502 /* FeedRequest.swift in Sources */,
				B7A71D0726FC64700092F318 /* NotificationRepository.swift in Sources */,
				B7642C5E26E10F8000CDCE95 /* CommentApi.swift in Sources */,
				B727FDEF2851E91900BA50C7 /* WalletApi.swift in Sources */,
				B7E64EC6275F578700FFD78E /* ReportApi.swift in Sources */,
				B779CCF227EC4EF300B432F8 /* RemoteConfig.swift in Sources */,
				B793EF6727A2E73500AA1E92 /* ReportRequest.swift in Sources */,
				B710693727189D8A00D53527 /* Keyword.swift in Sources */,
				B7684A6D26C5061C00C438C5 /* FeedApi.swift in Sources */,
				B77364842759CD8D00E8E74D /* Meta.swift in Sources */,
				B7A71D73270304060092F318 /* ContentApi.swift in Sources */,
				B7AF660326F0611C00BDE9C4 /* UserInfo.swift in Sources */,
				B779D94A27B4CC98008C8670 /* DataApi.swift in Sources */,
				B7AC1E3A27158D1A002FC176 /* SearchRepository.swift in Sources */,
				B743388E26DE21F8004BBC05 /* UserRequest.swift in Sources */,
				B7106931271894A600D53527 /* Suggestion.swift in Sources */,
				B7684A6726C5061C00C438C5 /* HashtagShelf.swift in Sources */,
				B744AC362878042B00378924 /* Shortcut.swift in Sources */,
				B7AF661C26F2FD4700BDE9C4 /* PageRepository.swift in Sources */,
				B7684A7126C5061C00C438C5 /* LoginRequest.swift in Sources */,
				B7AF661826F2FA1200BDE9C4 /* PageApi.swift in Sources */,
				B7684A6A26C5061C00C438C5 /* ContentPayload.swift in Sources */,
				B75AFE4F289193910036AC36 /* WalletHistory.swift in Sources */,
				B7642C5A26E1073800CDCE95 /* Comment.swift in Sources */,
				B786903527CCAA290029EDFE /* UserFollowRequest.swift in Sources */,
				B70EDBD727BB5F4400EA53E2 /* AdsRepository.swift in Sources */,
				B7AC1E3F27159243002FC176 /* TopTrend.swift in Sources */,
				B70EDBD927BB7BE100EA53E2 /* Ads.swift in Sources */,
				B7684A5D26C5061C00C438C5 /* Hashtag.swift in Sources */,
				B70EDBD527BB5DD800EA53E2 /* AdsRequest.swift in Sources */,
				B773647E2759C60600E8E74D /* ReferencedCast.swift in Sources */,
				B7684A6B26C5061C00C438C5 /* AuthenticationApi.swift in Sources */,
				B7684A5A26C5061C00C438C5 /* FeedRepository.swift in Sources */,
				B7189AD726EF347100CB9719 /* UserRepository.swift in Sources */,
				B7684A6926C5061C00C438C5 /* Feed.swift in Sources */,
				B7AF661A26F2FAD500BDE9C4 /* PageRequest.swift in Sources */,
				B727FDF32851EBDB00BA50C7 /* WalletRepository.swift in Sources */,
			);
			runOnlyForDeploymentPostprocessing = 0;
		};
/* End PBXSourcesBuildPhase section */

/* Begin XCBuildConfiguration section */
		B7684A2726C5049100C438C5 /* Debug (Production) */ = {
			isa = XCBuildConfiguration;
			buildSettings = {
				ALWAYS_SEARCH_USER_PATHS = NO;
				CLANG_ANALYZER_NONNULL = YES;
				CLANG_ANALYZER_NUMBER_OBJECT_CONVERSION = YES_AGGRESSIVE;
				CLANG_CXX_LANGUAGE_STANDARD = "gnu++14";
				CLANG_CXX_LIBRARY = "libc++";
				CLANG_ENABLE_MODULES = YES;
				CLANG_ENABLE_OBJC_ARC = YES;
				CLANG_ENABLE_OBJC_WEAK = YES;
				CLANG_WARN_BLOCK_CAPTURE_AUTORELEASING = YES;
				CLANG_WARN_BOOL_CONVERSION = YES;
				CLANG_WARN_COMMA = YES;
				CLANG_WARN_CONSTANT_CONVERSION = YES;
				CLANG_WARN_DEPRECATED_OBJC_IMPLEMENTATIONS = YES;
				CLANG_WARN_DIRECT_OBJC_ISA_USAGE = YES_ERROR;
				CLANG_WARN_DOCUMENTATION_COMMENTS = YES;
				CLANG_WARN_EMPTY_BODY = YES;
				CLANG_WARN_ENUM_CONVERSION = YES;
				CLANG_WARN_INFINITE_RECURSION = YES;
				CLANG_WARN_INT_CONVERSION = YES;
				CLANG_WARN_NON_LITERAL_NULL_CONVERSION = YES;
				CLANG_WARN_OBJC_IMPLICIT_RETAIN_SELF = YES;
				CLANG_WARN_OBJC_LITERAL_CONVERSION = YES;
				CLANG_WARN_OBJC_ROOT_CLASS = YES_ERROR;
				CLANG_WARN_QUOTED_INCLUDE_IN_FRAMEWORK_HEADER = YES;
				CLANG_WARN_RANGE_LOOP_ANALYSIS = YES;
				CLANG_WARN_STRICT_PROTOTYPES = YES;
				CLANG_WARN_SUSPICIOUS_MOVE = YES;
				CLANG_WARN_UNGUARDED_AVAILABILITY = YES_AGGRESSIVE;
				CLANG_WARN_UNREACHABLE_CODE = YES;
				CLANG_WARN__DUPLICATE_METHOD_MATCH = YES;
				COPY_PHASE_STRIP = NO;
				CURRENT_PROJECT_VERSION = 1;
				DEBUG_INFORMATION_FORMAT = dwarf;
				ENABLE_BITCODE = NO;
				ENABLE_STRICT_OBJC_MSGSEND = YES;
				ENABLE_TESTABILITY = YES;
				GCC_C_LANGUAGE_STANDARD = gnu11;
				GCC_DYNAMIC_NO_PIC = NO;
				GCC_NO_COMMON_BLOCKS = YES;
				GCC_OPTIMIZATION_LEVEL = 0;
				GCC_PREPROCESSOR_DEFINITIONS = (
					"DEBUG=1",
					"$(inherited)",
				);
				GCC_WARN_64_TO_32_BIT_CONVERSION = YES;
				GCC_WARN_ABOUT_RETURN_TYPE = YES_ERROR;
				GCC_WARN_UNDECLARED_SELECTOR = YES;
				GCC_WARN_UNINITIALIZED_AUTOS = YES_AGGRESSIVE;
				GCC_WARN_UNUSED_FUNCTION = YES;
				GCC_WARN_UNUSED_VARIABLE = YES;
				IPHONEOS_DEPLOYMENT_TARGET = 13.0;
				MTL_ENABLE_DEBUG_INFO = INCLUDE_SOURCE;
				MTL_FAST_MATH = YES;
				ONLY_ACTIVE_ARCH = YES;
				SDKROOT = iphoneos;
				SWIFT_ACTIVE_COMPILATION_CONDITIONS = DEBUG;
				SWIFT_OPTIMIZATION_LEVEL = "-Onone";
				VERSIONING_SYSTEM = "apple-generic";
				VERSION_INFO_PREFIX = "";
			};
			name = "Debug (Production)";
		};
		B7684A2826C5049100C438C5 /* Release (Production) */ = {
			isa = XCBuildConfiguration;
			buildSettings = {
				ALWAYS_SEARCH_USER_PATHS = NO;
				CLANG_ANALYZER_NONNULL = YES;
				CLANG_ANALYZER_NUMBER_OBJECT_CONVERSION = YES_AGGRESSIVE;
				CLANG_CXX_LANGUAGE_STANDARD = "gnu++14";
				CLANG_CXX_LIBRARY = "libc++";
				CLANG_ENABLE_MODULES = YES;
				CLANG_ENABLE_OBJC_ARC = YES;
				CLANG_ENABLE_OBJC_WEAK = YES;
				CLANG_WARN_BLOCK_CAPTURE_AUTORELEASING = YES;
				CLANG_WARN_BOOL_CONVERSION = YES;
				CLANG_WARN_COMMA = YES;
				CLANG_WARN_CONSTANT_CONVERSION = YES;
				CLANG_WARN_DEPRECATED_OBJC_IMPLEMENTATIONS = YES;
				CLANG_WARN_DIRECT_OBJC_ISA_USAGE = YES_ERROR;
				CLANG_WARN_DOCUMENTATION_COMMENTS = YES;
				CLANG_WARN_EMPTY_BODY = YES;
				CLANG_WARN_ENUM_CONVERSION = YES;
				CLANG_WARN_INFINITE_RECURSION = YES;
				CLANG_WARN_INT_CONVERSION = YES;
				CLANG_WARN_NON_LITERAL_NULL_CONVERSION = YES;
				CLANG_WARN_OBJC_IMPLICIT_RETAIN_SELF = YES;
				CLANG_WARN_OBJC_LITERAL_CONVERSION = YES;
				CLANG_WARN_OBJC_ROOT_CLASS = YES_ERROR;
				CLANG_WARN_QUOTED_INCLUDE_IN_FRAMEWORK_HEADER = YES;
				CLANG_WARN_RANGE_LOOP_ANALYSIS = YES;
				CLANG_WARN_STRICT_PROTOTYPES = YES;
				CLANG_WARN_SUSPICIOUS_MOVE = YES;
				CLANG_WARN_UNGUARDED_AVAILABILITY = YES_AGGRESSIVE;
				CLANG_WARN_UNREACHABLE_CODE = YES;
				CLANG_WARN__DUPLICATE_METHOD_MATCH = YES;
				COPY_PHASE_STRIP = NO;
				CURRENT_PROJECT_VERSION = 1;
				DEBUG_INFORMATION_FORMAT = "dwarf-with-dsym";
				ENABLE_BITCODE = NO;
				ENABLE_NS_ASSERTIONS = NO;
				ENABLE_STRICT_OBJC_MSGSEND = YES;
				GCC_C_LANGUAGE_STANDARD = gnu11;
				GCC_NO_COMMON_BLOCKS = YES;
				GCC_WARN_64_TO_32_BIT_CONVERSION = YES;
				GCC_WARN_ABOUT_RETURN_TYPE = YES_ERROR;
				GCC_WARN_UNDECLARED_SELECTOR = YES;
				GCC_WARN_UNINITIALIZED_AUTOS = YES_AGGRESSIVE;
				GCC_WARN_UNUSED_FUNCTION = YES;
				GCC_WARN_UNUSED_VARIABLE = YES;
				IPHONEOS_DEPLOYMENT_TARGET = 13.0;
				MTL_ENABLE_DEBUG_INFO = NO;
				MTL_FAST_MATH = YES;
				SDKROOT = iphoneos;
				SWIFT_COMPILATION_MODE = wholemodule;
				SWIFT_OPTIMIZATION_LEVEL = "-O";
				VALIDATE_PRODUCT = YES;
				VERSIONING_SYSTEM = "apple-generic";
				VERSION_INFO_PREFIX = "";
			};
			name = "Release (Production)";
		};
		B7684A2A26C5049100C438C5 /* Debug (Production) */ = {
			isa = XCBuildConfiguration;
			baseConfigurationReference = 93D2970BD0A05FE98DDE0394 /* Pods-Networking.debug (production).xcconfig */;
			buildSettings = {
				CODE_SIGN_STYLE = Automatic;
				DEFINES_MODULE = YES;
				DYLIB_COMPATIBILITY_VERSION = 1;
				DYLIB_CURRENT_VERSION = 1;
				DYLIB_INSTALL_NAME_BASE = "@rpath";
				INFOPLIST_FILE = Networking/Info.plist;
				INSTALL_PATH = "$(LOCAL_LIBRARY_DIR)/Frameworks";
				LD_RUNPATH_SEARCH_PATHS = (
					"$(inherited)",
					"@executable_path/Frameworks",
					"@loader_path/Frameworks",
				);
				PRODUCT_BUNDLE_IDENTIFIER = com.castcle.Networking;
				PRODUCT_NAME = "$(TARGET_NAME:c99extidentifier)";
				SKIP_INSTALL = YES;
				SWIFT_VERSION = 5.0;
				TARGETED_DEVICE_FAMILY = "1,2";
			};
			name = "Debug (Production)";
		};
		B7684A2B26C5049100C438C5 /* Release (Production) */ = {
			isa = XCBuildConfiguration;
			baseConfigurationReference = 6A8AF36EE04DDFA1E68EBD41 /* Pods-Networking.release (production).xcconfig */;
			buildSettings = {
				CODE_SIGN_STYLE = Automatic;
				DEFINES_MODULE = YES;
				DYLIB_COMPATIBILITY_VERSION = 1;
				DYLIB_CURRENT_VERSION = 1;
				DYLIB_INSTALL_NAME_BASE = "@rpath";
				INFOPLIST_FILE = Networking/Info.plist;
				INSTALL_PATH = "$(LOCAL_LIBRARY_DIR)/Frameworks";
				LD_RUNPATH_SEARCH_PATHS = (
					"$(inherited)",
					"@executable_path/Frameworks",
					"@loader_path/Frameworks",
				);
				PRODUCT_BUNDLE_IDENTIFIER = com.castcle.Networking;
				PRODUCT_NAME = "$(TARGET_NAME:c99extidentifier)";
				SKIP_INSTALL = YES;
				SWIFT_VERSION = 5.0;
				TARGETED_DEVICE_FAMILY = "1,2";
			};
			name = "Release (Production)";
		};
		B7684A2C26C5058400C438C5 /* Debug (Staging) */ = {
			isa = XCBuildConfiguration;
			buildSettings = {
				ALWAYS_SEARCH_USER_PATHS = NO;
				CLANG_ANALYZER_NONNULL = YES;
				CLANG_ANALYZER_NUMBER_OBJECT_CONVERSION = YES_AGGRESSIVE;
				CLANG_CXX_LANGUAGE_STANDARD = "gnu++14";
				CLANG_CXX_LIBRARY = "libc++";
				CLANG_ENABLE_MODULES = YES;
				CLANG_ENABLE_OBJC_ARC = YES;
				CLANG_ENABLE_OBJC_WEAK = YES;
				CLANG_WARN_BLOCK_CAPTURE_AUTORELEASING = YES;
				CLANG_WARN_BOOL_CONVERSION = YES;
				CLANG_WARN_COMMA = YES;
				CLANG_WARN_CONSTANT_CONVERSION = YES;
				CLANG_WARN_DEPRECATED_OBJC_IMPLEMENTATIONS = YES;
				CLANG_WARN_DIRECT_OBJC_ISA_USAGE = YES_ERROR;
				CLANG_WARN_DOCUMENTATION_COMMENTS = YES;
				CLANG_WARN_EMPTY_BODY = YES;
				CLANG_WARN_ENUM_CONVERSION = YES;
				CLANG_WARN_INFINITE_RECURSION = YES;
				CLANG_WARN_INT_CONVERSION = YES;
				CLANG_WARN_NON_LITERAL_NULL_CONVERSION = YES;
				CLANG_WARN_OBJC_IMPLICIT_RETAIN_SELF = YES;
				CLANG_WARN_OBJC_LITERAL_CONVERSION = YES;
				CLANG_WARN_OBJC_ROOT_CLASS = YES_ERROR;
				CLANG_WARN_QUOTED_INCLUDE_IN_FRAMEWORK_HEADER = YES;
				CLANG_WARN_RANGE_LOOP_ANALYSIS = YES;
				CLANG_WARN_STRICT_PROTOTYPES = YES;
				CLANG_WARN_SUSPICIOUS_MOVE = YES;
				CLANG_WARN_UNGUARDED_AVAILABILITY = YES_AGGRESSIVE;
				CLANG_WARN_UNREACHABLE_CODE = YES;
				CLANG_WARN__DUPLICATE_METHOD_MATCH = YES;
				COPY_PHASE_STRIP = NO;
				CURRENT_PROJECT_VERSION = 1;
				DEBUG_INFORMATION_FORMAT = dwarf;
				ENABLE_BITCODE = NO;
				ENABLE_STRICT_OBJC_MSGSEND = YES;
				ENABLE_TESTABILITY = YES;
				GCC_C_LANGUAGE_STANDARD = gnu11;
				GCC_DYNAMIC_NO_PIC = NO;
				GCC_NO_COMMON_BLOCKS = YES;
				GCC_OPTIMIZATION_LEVEL = 0;
				GCC_PREPROCESSOR_DEFINITIONS = (
					"DEBUG=1",
					"$(inherited)",
				);
				GCC_WARN_64_TO_32_BIT_CONVERSION = YES;
				GCC_WARN_ABOUT_RETURN_TYPE = YES_ERROR;
				GCC_WARN_UNDECLARED_SELECTOR = YES;
				GCC_WARN_UNINITIALIZED_AUTOS = YES_AGGRESSIVE;
				GCC_WARN_UNUSED_FUNCTION = YES;
				GCC_WARN_UNUSED_VARIABLE = YES;
				IPHONEOS_DEPLOYMENT_TARGET = 13.0;
				MTL_ENABLE_DEBUG_INFO = INCLUDE_SOURCE;
				MTL_FAST_MATH = YES;
				ONLY_ACTIVE_ARCH = YES;
				SDKROOT = iphoneos;
				SWIFT_ACTIVE_COMPILATION_CONDITIONS = DEBUG;
				SWIFT_OPTIMIZATION_LEVEL = "-Onone";
				VERSIONING_SYSTEM = "apple-generic";
				VERSION_INFO_PREFIX = "";
			};
			name = "Debug (Staging)";
		};
		B7684A2D26C5058400C438C5 /* Debug (Staging) */ = {
			isa = XCBuildConfiguration;
			baseConfigurationReference = 7AC3E1963BB6A2923E7B8B3F /* Pods-Networking.debug (staging).xcconfig */;
			buildSettings = {
				CODE_SIGN_STYLE = Automatic;
				DEFINES_MODULE = YES;
				DYLIB_COMPATIBILITY_VERSION = 1;
				DYLIB_CURRENT_VERSION = 1;
				DYLIB_INSTALL_NAME_BASE = "@rpath";
				INFOPLIST_FILE = Networking/Info.plist;
				INSTALL_PATH = "$(LOCAL_LIBRARY_DIR)/Frameworks";
				LD_RUNPATH_SEARCH_PATHS = (
					"$(inherited)",
					"@executable_path/Frameworks",
					"@loader_path/Frameworks",
				);
				PRODUCT_BUNDLE_IDENTIFIER = com.castcle.Networking;
				PRODUCT_NAME = "$(TARGET_NAME:c99extidentifier)";
				SKIP_INSTALL = YES;
				SWIFT_VERSION = 5.0;
				TARGETED_DEVICE_FAMILY = "1,2";
			};
			name = "Debug (Staging)";
		};
		B7684A2E26C5058700C438C5 /* Debug (Development) */ = {
			isa = XCBuildConfiguration;
			buildSettings = {
				ALWAYS_SEARCH_USER_PATHS = NO;
				CLANG_ANALYZER_NONNULL = YES;
				CLANG_ANALYZER_NUMBER_OBJECT_CONVERSION = YES_AGGRESSIVE;
				CLANG_CXX_LANGUAGE_STANDARD = "gnu++14";
				CLANG_CXX_LIBRARY = "libc++";
				CLANG_ENABLE_MODULES = YES;
				CLANG_ENABLE_OBJC_ARC = YES;
				CLANG_ENABLE_OBJC_WEAK = YES;
				CLANG_WARN_BLOCK_CAPTURE_AUTORELEASING = YES;
				CLANG_WARN_BOOL_CONVERSION = YES;
				CLANG_WARN_COMMA = YES;
				CLANG_WARN_CONSTANT_CONVERSION = YES;
				CLANG_WARN_DEPRECATED_OBJC_IMPLEMENTATIONS = YES;
				CLANG_WARN_DIRECT_OBJC_ISA_USAGE = YES_ERROR;
				CLANG_WARN_DOCUMENTATION_COMMENTS = YES;
				CLANG_WARN_EMPTY_BODY = YES;
				CLANG_WARN_ENUM_CONVERSION = YES;
				CLANG_WARN_INFINITE_RECURSION = YES;
				CLANG_WARN_INT_CONVERSION = YES;
				CLANG_WARN_NON_LITERAL_NULL_CONVERSION = YES;
				CLANG_WARN_OBJC_IMPLICIT_RETAIN_SELF = YES;
				CLANG_WARN_OBJC_LITERAL_CONVERSION = YES;
				CLANG_WARN_OBJC_ROOT_CLASS = YES_ERROR;
				CLANG_WARN_QUOTED_INCLUDE_IN_FRAMEWORK_HEADER = YES;
				CLANG_WARN_RANGE_LOOP_ANALYSIS = YES;
				CLANG_WARN_STRICT_PROTOTYPES = YES;
				CLANG_WARN_SUSPICIOUS_MOVE = YES;
				CLANG_WARN_UNGUARDED_AVAILABILITY = YES_AGGRESSIVE;
				CLANG_WARN_UNREACHABLE_CODE = YES;
				CLANG_WARN__DUPLICATE_METHOD_MATCH = YES;
				COPY_PHASE_STRIP = NO;
				CURRENT_PROJECT_VERSION = 1;
				DEBUG_INFORMATION_FORMAT = dwarf;
				ENABLE_BITCODE = NO;
				ENABLE_STRICT_OBJC_MSGSEND = YES;
				ENABLE_TESTABILITY = YES;
				GCC_C_LANGUAGE_STANDARD = gnu11;
				GCC_DYNAMIC_NO_PIC = NO;
				GCC_NO_COMMON_BLOCKS = YES;
				GCC_OPTIMIZATION_LEVEL = 0;
				GCC_PREPROCESSOR_DEFINITIONS = (
					"DEBUG=1",
					"$(inherited)",
				);
				GCC_WARN_64_TO_32_BIT_CONVERSION = YES;
				GCC_WARN_ABOUT_RETURN_TYPE = YES_ERROR;
				GCC_WARN_UNDECLARED_SELECTOR = YES;
				GCC_WARN_UNINITIALIZED_AUTOS = YES_AGGRESSIVE;
				GCC_WARN_UNUSED_FUNCTION = YES;
				GCC_WARN_UNUSED_VARIABLE = YES;
				IPHONEOS_DEPLOYMENT_TARGET = 13.0;
				MTL_ENABLE_DEBUG_INFO = INCLUDE_SOURCE;
				MTL_FAST_MATH = YES;
				ONLY_ACTIVE_ARCH = YES;
				SDKROOT = iphoneos;
				SWIFT_ACTIVE_COMPILATION_CONDITIONS = DEBUG;
				SWIFT_OPTIMIZATION_LEVEL = "-Onone";
				VERSIONING_SYSTEM = "apple-generic";
				VERSION_INFO_PREFIX = "";
			};
			name = "Debug (Development)";
		};
		B7684A2F26C5058700C438C5 /* Debug (Development) */ = {
			isa = XCBuildConfiguration;
			baseConfigurationReference = 1CE19EEF8353F04516B983A5 /* Pods-Networking.debug (development).xcconfig */;
			buildSettings = {
				CODE_SIGN_STYLE = Automatic;
				DEFINES_MODULE = YES;
				DYLIB_COMPATIBILITY_VERSION = 1;
				DYLIB_CURRENT_VERSION = 1;
				DYLIB_INSTALL_NAME_BASE = "@rpath";
				INFOPLIST_FILE = Networking/Info.plist;
				INSTALL_PATH = "$(LOCAL_LIBRARY_DIR)/Frameworks";
				LD_RUNPATH_SEARCH_PATHS = (
					"$(inherited)",
					"@executable_path/Frameworks",
					"@loader_path/Frameworks",
				);
				PRODUCT_BUNDLE_IDENTIFIER = com.castcle.Networking;
				PRODUCT_NAME = "$(TARGET_NAME:c99extidentifier)";
				SKIP_INSTALL = YES;
				SWIFT_VERSION = 5.0;
				TARGETED_DEVICE_FAMILY = "1,2";
			};
			name = "Debug (Development)";
		};
		B7684A3026C5058A00C438C5 /* Release (Staging) */ = {
			isa = XCBuildConfiguration;
			buildSettings = {
				ALWAYS_SEARCH_USER_PATHS = NO;
				CLANG_ANALYZER_NONNULL = YES;
				CLANG_ANALYZER_NUMBER_OBJECT_CONVERSION = YES_AGGRESSIVE;
				CLANG_CXX_LANGUAGE_STANDARD = "gnu++14";
				CLANG_CXX_LIBRARY = "libc++";
				CLANG_ENABLE_MODULES = YES;
				CLANG_ENABLE_OBJC_ARC = YES;
				CLANG_ENABLE_OBJC_WEAK = YES;
				CLANG_WARN_BLOCK_CAPTURE_AUTORELEASING = YES;
				CLANG_WARN_BOOL_CONVERSION = YES;
				CLANG_WARN_COMMA = YES;
				CLANG_WARN_CONSTANT_CONVERSION = YES;
				CLANG_WARN_DEPRECATED_OBJC_IMPLEMENTATIONS = YES;
				CLANG_WARN_DIRECT_OBJC_ISA_USAGE = YES_ERROR;
				CLANG_WARN_DOCUMENTATION_COMMENTS = YES;
				CLANG_WARN_EMPTY_BODY = YES;
				CLANG_WARN_ENUM_CONVERSION = YES;
				CLANG_WARN_INFINITE_RECURSION = YES;
				CLANG_WARN_INT_CONVERSION = YES;
				CLANG_WARN_NON_LITERAL_NULL_CONVERSION = YES;
				CLANG_WARN_OBJC_IMPLICIT_RETAIN_SELF = YES;
				CLANG_WARN_OBJC_LITERAL_CONVERSION = YES;
				CLANG_WARN_OBJC_ROOT_CLASS = YES_ERROR;
				CLANG_WARN_QUOTED_INCLUDE_IN_FRAMEWORK_HEADER = YES;
				CLANG_WARN_RANGE_LOOP_ANALYSIS = YES;
				CLANG_WARN_STRICT_PROTOTYPES = YES;
				CLANG_WARN_SUSPICIOUS_MOVE = YES;
				CLANG_WARN_UNGUARDED_AVAILABILITY = YES_AGGRESSIVE;
				CLANG_WARN_UNREACHABLE_CODE = YES;
				CLANG_WARN__DUPLICATE_METHOD_MATCH = YES;
				COPY_PHASE_STRIP = NO;
				CURRENT_PROJECT_VERSION = 1;
				DEBUG_INFORMATION_FORMAT = "dwarf-with-dsym";
				ENABLE_BITCODE = NO;
				ENABLE_NS_ASSERTIONS = NO;
				ENABLE_STRICT_OBJC_MSGSEND = YES;
				GCC_C_LANGUAGE_STANDARD = gnu11;
				GCC_NO_COMMON_BLOCKS = YES;
				GCC_WARN_64_TO_32_BIT_CONVERSION = YES;
				GCC_WARN_ABOUT_RETURN_TYPE = YES_ERROR;
				GCC_WARN_UNDECLARED_SELECTOR = YES;
				GCC_WARN_UNINITIALIZED_AUTOS = YES_AGGRESSIVE;
				GCC_WARN_UNUSED_FUNCTION = YES;
				GCC_WARN_UNUSED_VARIABLE = YES;
				IPHONEOS_DEPLOYMENT_TARGET = 13.0;
				MTL_ENABLE_DEBUG_INFO = NO;
				MTL_FAST_MATH = YES;
				SDKROOT = iphoneos;
				SWIFT_COMPILATION_MODE = wholemodule;
				SWIFT_OPTIMIZATION_LEVEL = "-O";
				VALIDATE_PRODUCT = YES;
				VERSIONING_SYSTEM = "apple-generic";
				VERSION_INFO_PREFIX = "";
			};
			name = "Release (Staging)";
		};
		B7684A3126C5058A00C438C5 /* Release (Staging) */ = {
			isa = XCBuildConfiguration;
			baseConfigurationReference = 9BE55BC65C42B22EA6BD4612 /* Pods-Networking.release (staging).xcconfig */;
			buildSettings = {
				CODE_SIGN_STYLE = Automatic;
				DEFINES_MODULE = YES;
				DYLIB_COMPATIBILITY_VERSION = 1;
				DYLIB_CURRENT_VERSION = 1;
				DYLIB_INSTALL_NAME_BASE = "@rpath";
				INFOPLIST_FILE = Networking/Info.plist;
				INSTALL_PATH = "$(LOCAL_LIBRARY_DIR)/Frameworks";
				LD_RUNPATH_SEARCH_PATHS = (
					"$(inherited)",
					"@executable_path/Frameworks",
					"@loader_path/Frameworks",
				);
				PRODUCT_BUNDLE_IDENTIFIER = com.castcle.Networking;
				PRODUCT_NAME = "$(TARGET_NAME:c99extidentifier)";
				SKIP_INSTALL = YES;
				SWIFT_VERSION = 5.0;
				TARGETED_DEVICE_FAMILY = "1,2";
			};
			name = "Release (Staging)";
		};
		B7684A3226C5058C00C438C5 /* Release (Development) */ = {
			isa = XCBuildConfiguration;
			buildSettings = {
				ALWAYS_SEARCH_USER_PATHS = NO;
				CLANG_ANALYZER_NONNULL = YES;
				CLANG_ANALYZER_NUMBER_OBJECT_CONVERSION = YES_AGGRESSIVE;
				CLANG_CXX_LANGUAGE_STANDARD = "gnu++14";
				CLANG_CXX_LIBRARY = "libc++";
				CLANG_ENABLE_MODULES = YES;
				CLANG_ENABLE_OBJC_ARC = YES;
				CLANG_ENABLE_OBJC_WEAK = YES;
				CLANG_WARN_BLOCK_CAPTURE_AUTORELEASING = YES;
				CLANG_WARN_BOOL_CONVERSION = YES;
				CLANG_WARN_COMMA = YES;
				CLANG_WARN_CONSTANT_CONVERSION = YES;
				CLANG_WARN_DEPRECATED_OBJC_IMPLEMENTATIONS = YES;
				CLANG_WARN_DIRECT_OBJC_ISA_USAGE = YES_ERROR;
				CLANG_WARN_DOCUMENTATION_COMMENTS = YES;
				CLANG_WARN_EMPTY_BODY = YES;
				CLANG_WARN_ENUM_CONVERSION = YES;
				CLANG_WARN_INFINITE_RECURSION = YES;
				CLANG_WARN_INT_CONVERSION = YES;
				CLANG_WARN_NON_LITERAL_NULL_CONVERSION = YES;
				CLANG_WARN_OBJC_IMPLICIT_RETAIN_SELF = YES;
				CLANG_WARN_OBJC_LITERAL_CONVERSION = YES;
				CLANG_WARN_OBJC_ROOT_CLASS = YES_ERROR;
				CLANG_WARN_QUOTED_INCLUDE_IN_FRAMEWORK_HEADER = YES;
				CLANG_WARN_RANGE_LOOP_ANALYSIS = YES;
				CLANG_WARN_STRICT_PROTOTYPES = YES;
				CLANG_WARN_SUSPICIOUS_MOVE = YES;
				CLANG_WARN_UNGUARDED_AVAILABILITY = YES_AGGRESSIVE;
				CLANG_WARN_UNREACHABLE_CODE = YES;
				CLANG_WARN__DUPLICATE_METHOD_MATCH = YES;
				COPY_PHASE_STRIP = NO;
				CURRENT_PROJECT_VERSION = 1;
				DEBUG_INFORMATION_FORMAT = "dwarf-with-dsym";
				ENABLE_BITCODE = NO;
				ENABLE_NS_ASSERTIONS = NO;
				ENABLE_STRICT_OBJC_MSGSEND = YES;
				ENABLE_TESTABILITY = YES;
				GCC_C_LANGUAGE_STANDARD = gnu11;
				GCC_NO_COMMON_BLOCKS = YES;
				GCC_WARN_64_TO_32_BIT_CONVERSION = YES;
				GCC_WARN_ABOUT_RETURN_TYPE = YES_ERROR;
				GCC_WARN_UNDECLARED_SELECTOR = YES;
				GCC_WARN_UNINITIALIZED_AUTOS = YES_AGGRESSIVE;
				GCC_WARN_UNUSED_FUNCTION = YES;
				GCC_WARN_UNUSED_VARIABLE = YES;
				IPHONEOS_DEPLOYMENT_TARGET = 13.0;
				MTL_ENABLE_DEBUG_INFO = NO;
				MTL_FAST_MATH = YES;
				ONLY_ACTIVE_ARCH = YES;
				SDKROOT = iphoneos;
				SWIFT_COMPILATION_MODE = wholemodule;
				SWIFT_OPTIMIZATION_LEVEL = "-O";
				VALIDATE_PRODUCT = YES;
				VERSIONING_SYSTEM = "apple-generic";
				VERSION_INFO_PREFIX = "";
			};
			name = "Release (Development)";
		};
		B7684A3326C5058C00C438C5 /* Release (Development) */ = {
			isa = XCBuildConfiguration;
			baseConfigurationReference = 3D2669333BEC0CA84A3FEB7A /* Pods-Networking.release (development).xcconfig */;
			buildSettings = {
				CODE_SIGN_STYLE = Automatic;
				DEFINES_MODULE = YES;
				DYLIB_COMPATIBILITY_VERSION = 1;
				DYLIB_CURRENT_VERSION = 1;
				DYLIB_INSTALL_NAME_BASE = "@rpath";
				INFOPLIST_FILE = Networking/Info.plist;
				INSTALL_PATH = "$(LOCAL_LIBRARY_DIR)/Frameworks";
				LD_RUNPATH_SEARCH_PATHS = (
					"$(inherited)",
					"@executable_path/Frameworks",
					"@loader_path/Frameworks",
				);
				PRODUCT_BUNDLE_IDENTIFIER = com.castcle.Networking;
				PRODUCT_NAME = "$(TARGET_NAME:c99extidentifier)";
				SKIP_INSTALL = YES;
				SWIFT_VERSION = 5.0;
				TARGETED_DEVICE_FAMILY = "1,2";
			};
			name = "Release (Development)";
		};
/* End XCBuildConfiguration section */

/* Begin XCConfigurationList section */
		B7684A1B26C5049100C438C5 /* Build configuration list for PBXProject "Networking" */ = {
			isa = XCConfigurationList;
			buildConfigurations = (
				B7684A2726C5049100C438C5 /* Debug (Production) */,
				B7684A2C26C5058400C438C5 /* Debug (Staging) */,
				B7684A2E26C5058700C438C5 /* Debug (Development) */,
				B7684A2826C5049100C438C5 /* Release (Production) */,
				B7684A3026C5058A00C438C5 /* Release (Staging) */,
				B7684A3226C5058C00C438C5 /* Release (Development) */,
			);
			defaultConfigurationIsVisible = 0;
			defaultConfigurationName = "Release (Production)";
		};
		B7684A2926C5049100C438C5 /* Build configuration list for PBXNativeTarget "Networking" */ = {
			isa = XCConfigurationList;
			buildConfigurations = (
				B7684A2A26C5049100C438C5 /* Debug (Production) */,
				B7684A2D26C5058400C438C5 /* Debug (Staging) */,
				B7684A2F26C5058700C438C5 /* Debug (Development) */,
				B7684A2B26C5049100C438C5 /* Release (Production) */,
				B7684A3126C5058A00C438C5 /* Release (Staging) */,
				B7684A3326C5058C00C438C5 /* Release (Development) */,
			);
			defaultConfigurationIsVisible = 0;
			defaultConfigurationName = "Release (Production)";
		};
/* End XCConfigurationList section */

/* Begin XCRemoteSwiftPackageReference section */
		B76E8BC6285AE15D0036790C /* XCRemoteSwiftPackageReference "Moya" */ = {
			isa = XCRemoteSwiftPackageReference;
			repositoryURL = "https://github.com/Moya/Moya.git";
			requirement = {
				kind = upToNextMajorVersion;
				minimumVersion = 15.0.0;
			};
		};
/* End XCRemoteSwiftPackageReference section */

/* Begin XCSwiftPackageProductDependency section */
		B76E8BC7285AE15D0036790C /* CombineMoya */ = {
			isa = XCSwiftPackageProductDependency;
			package = B76E8BC6285AE15D0036790C /* XCRemoteSwiftPackageReference "Moya" */;
			productName = CombineMoya;
		};
		B76E8BC9285AE15D0036790C /* Moya */ = {
			isa = XCSwiftPackageProductDependency;
			package = B76E8BC6285AE15D0036790C /* XCRemoteSwiftPackageReference "Moya" */;
			productName = Moya;
		};
		B76E8BCB285AE15D0036790C /* ReactiveMoya */ = {
			isa = XCSwiftPackageProductDependency;
			package = B76E8BC6285AE15D0036790C /* XCRemoteSwiftPackageReference "Moya" */;
			productName = ReactiveMoya;
		};
		B76E8BCD285AE15D0036790C /* RxMoya */ = {
			isa = XCSwiftPackageProductDependency;
			package = B76E8BC6285AE15D0036790C /* XCRemoteSwiftPackageReference "Moya" */;
			productName = RxMoya;
		};
/* End XCSwiftPackageProductDependency section */
	};
	rootObject = B7684A1826C5049100C438C5 /* Project object */;
}
